
Microsoft Visual Studio Solution File, Format Version 12.00
# Visual Studio Version 17
VisualStudioVersion = 17.0.31912.275
MinimumVisualStudioVersion = 10.0.40219.1
Project("{2150E333-8FDC-42A3-9474-1A3956D46DE8}") = "src", "src", "{FEB5F3EC-7893-448F-8AC0-1D15EE814816}"
EndProject
Project("{2150E333-8FDC-42A3-9474-1A3956D46DE8}") = "Solution Items", "Solution Items", "{ADE7DE33-AE25-40C2-8F00-8E903B083B9E}"
	ProjectSection(SolutionItems) = preProject
		.editorconfig = .editorconfig
		.gitattributes = .gitattributes
		.gitignore = .gitignore
		azure-pipelines.yml = azure-pipelines.yml
		contributing.md = contributing.md
		GitVersion.yml = GitVersion.yml
		license.md = license.md
		readme.md = readme.md
	EndProjectSection
EndProject
Project("{2150E333-8FDC-42A3-9474-1A3956D46DE8}") = ".githooks", ".githooks", "{96178CB0-5607-491A-B1A7-87623276D0EE}"
	ProjectSection(SolutionItems) = preProject
		.githooks\commit-msg = .githooks\commit-msg
		.githooks\pre-commit = .githooks\pre-commit
	EndProjectSection
EndProject
Project("{2150E333-8FDC-42A3-9474-1A3956D46DE8}") = ".docs", ".docs", "{3FD45B28-3CF0-4599-96F9-7B0CA3B95FC3}"
	ProjectSection(SolutionItems) = preProject
		.docs\conventional.types.md = .docs\conventional.types.md
		.docs\repository.structure.md = .docs\repository.structure.md
	EndProjectSection
EndProject
Project("{2150E333-8FDC-42A3-9474-1A3956D46DE8}") = ".pipelines", ".pipelines", "{13C97681-DBD7-4CA6-B65E-FC767B4B9AFE}"
EndProject
Project("{2150E333-8FDC-42A3-9474-1A3956D46DE8}") = ".scripts", ".scripts", "{1CF99816-1240-4DF2-BCE3-248A23932681}"
	ProjectSection(SolutionItems) = preProject
		.pipelines\.scripts\run.mutation.tests.ps1 = .pipelines\.scripts\run.mutation.tests.ps1
	EndProjectSection
EndProject
Project("{2150E333-8FDC-42A3-9474-1A3956D46DE8}") = ".templates", ".templates", "{3990D9F4-6227-4764-AAAE-BF035E3BC77C}"
	ProjectSection(SolutionItems) = preProject
		.pipelines\.templates\copy.from.container.yml = .pipelines\.templates\copy.from.container.yml
		.pipelines\.templates\generate.version.yml = .pipelines\.templates\generate.version.yml
		.pipelines\.templates\publish.codecoverage.results.yml = .pipelines\.templates\publish.codecoverage.results.yml
		.pipelines\.templates\publish.mutation.test.results.yml = .pipelines\.templates\publish.mutation.test.results.yml
		.pipelines\.templates\publish.test.results.yml = .pipelines\.templates\publish.test.results.yml
		.pipelines\.templates\repository.tag.yml = .pipelines\.templates\repository.tag.yml
	EndProjectSection
EndProject
Project("{2150E333-8FDC-42A3-9474-1A3956D46DE8}") = ".config", ".config", "{37E270AF-D16D-4F7C-BE51-95C93CB26582}"
	ProjectSection(SolutionItems) = preProject
		.config\dotnet-tools.json = .config\dotnet-tools.json
	EndProjectSection
EndProject
Project("{FAE04EC0-301F-11D3-BF4B-00C04F79EFBC}") = "Vaeyori.Analyzers", "src\Vaeyori.Analyzers\Vaeyori.Analyzers.csproj", "{F1F29BB4-A188-4694-BF7B-69F6CC7B5A51}"
EndProject
Global
	GlobalSection(SolutionConfigurationPlatforms) = preSolution
		Debug|Any CPU = Debug|Any CPU
		Release|Any CPU = Release|Any CPU
	EndGlobalSection
	GlobalSection(ProjectConfigurationPlatforms) = postSolution
		{F1F29BB4-A188-4694-BF7B-69F6CC7B5A51}.Debug|Any CPU.ActiveCfg = Debug|Any CPU
		{F1F29BB4-A188-4694-BF7B-69F6CC7B5A51}.Debug|Any CPU.Build.0 = Debug|Any CPU
		{F1F29BB4-A188-4694-BF7B-69F6CC7B5A51}.Release|Any CPU.ActiveCfg = Release|Any CPU
		{F1F29BB4-A188-4694-BF7B-69F6CC7B5A51}.Release|Any CPU.Build.0 = Release|Any CPU
	EndGlobalSection
	GlobalSection(SolutionProperties) = preSolution
		HideSolutionNode = FALSE
	EndGlobalSection
	GlobalSection(NestedProjects) = preSolution
		{96178CB0-5607-491A-B1A7-87623276D0EE} = {ADE7DE33-AE25-40C2-8F00-8E903B083B9E}
		{3FD45B28-3CF0-4599-96F9-7B0CA3B95FC3} = {ADE7DE33-AE25-40C2-8F00-8E903B083B9E}
		{13C97681-DBD7-4CA6-B65E-FC767B4B9AFE} = {ADE7DE33-AE25-40C2-8F00-8E903B083B9E}
		{1CF99816-1240-4DF2-BCE3-248A23932681} = {13C97681-DBD7-4CA6-B65E-FC767B4B9AFE}
		{3990D9F4-6227-4764-AAAE-BF035E3BC77C} = {13C97681-DBD7-4CA6-B65E-FC767B4B9AFE}
		{37E270AF-D16D-4F7C-BE51-95C93CB26582} = {ADE7DE33-AE25-40C2-8F00-8E903B083B9E}
		{F1F29BB4-A188-4694-BF7B-69F6CC7B5A51} = {FEB5F3EC-7893-448F-8AC0-1D15EE814816}
	EndGlobalSection
	GlobalSection(ExtensibilityGlobals) = postSolution
		SolutionGuid = {291237E1-E9AB-4E73-9A1B-7233B4D0CF95}
	EndGlobalSection
EndGlobal
